
Microsoft Visual Studio Solution File, Format Version 12.00
# Visual Studio Version 16
VisualStudioVersion = 16.0.31112.23
MinimumVisualStudioVersion = 10.0.40219.1
Project("{FAE04EC0-301F-11D3-BF4B-00C04F79EFBC}") = "OrderLogisticsManagerApplication", "OrderLogisticsManagerApplication\OrderLogisticsManagerApplication.csproj", "{484C8973-7533-41BE-96DF-6A2330083A63}"
EndProject
Global
	GlobalSection(SolutionConfigurationPlatforms) = preSolution
		Debug|Any CPU = Debug|Any CPU
		Release|Any CPU = Release|Any CPU
	EndGlobalSection
	GlobalSection(ProjectConfigurationPlatforms) = postSolution
		{484C8973-7533-41BE-96DF-6A2330083A63}.Debug|Any CPU.ActiveCfg = Debug|Any CPU
		{484C8973-7533-41BE-96DF-6A2330083A63}.Debug|Any CPU.Build.0 = Debug|Any CPU
		{484C8973-7533-41BE-96DF-6A2330083A63}.Release|Any CPU.ActiveCfg = Release|Any CPU
		{484C8973-7533-41BE-96DF-6A2330083A63}.Release|Any CPU.Build.0 = Release|Any CPU
	EndGlobalSection
	GlobalSection(SolutionProperties) = preSolution
		HideSolutionNode = FALSE
	EndGlobalSection
	GlobalSection(ExtensibilityGlobals) = postSolution
		SolutionGuid = {BE1F9A95-6337-48C6-9B04-4373075B9C77}
	EndGlobalSection
EndGlobal
